
Microsoft Visual Studio Solution File, Format Version 12.00
# Visual Studio Version 16
VisualStudioVersion = 16.0.30225.117
MinimumVisualStudioVersion = 10.0.40219.1
Project("{9A19103F-16F7-4668-BE54-9A1E7A4F7556}") = "StockAnalyseModel", "StockAnalyseModel\StockAnalyseModel.csproj", "{FAC1D870-528C-4066-916D-7D34FD68BC74}"
EndProject
Project("{FAE04EC0-301F-11D3-BF4B-00C04F79EFBC}") = "StockAnalyseWindow", "StockAnalyseWindow\StockAnalyseWindow.csproj", "{E3559CA0-345D-44A9-8F0E-974EF2AB496A}"
EndProject
Project("{9A19103F-16F7-4668-BE54-9A1E7A4F7556}") = "StockAnalyseViewModel", "StockAnalyseViewModel\StockAnalyseViewModel.csproj", "{A5BFD3CD-857F-4FEB-B143-AC312AC5A6F7}"
EndProject
Project("{FAE04EC0-301F-11D3-BF4B-00C04F79EFBC}") = "StockAnalyseView", "StockAnalyseView\StockAnalyseView.csproj", "{2090625A-6072-46A2-9283-27B456EFCF6C}"
EndProject
Project("{FAE04EC0-301F-11D3-BF4B-00C04F79EFBC}") = "StockAnalyseApiHelper", "StockAnalyseApiHelper\StockAnalyseApiHelper.csproj", "{7BDF6C6B-DADF-4409-A325-887B3A001367}"
EndProject
Global
	GlobalSection(SolutionConfigurationPlatforms) = preSolution
		Debug|Any CPU = Debug|Any CPU
		Release|Any CPU = Release|Any CPU
	EndGlobalSection
	GlobalSection(ProjectConfigurationPlatforms) = postSolution
		{FAC1D870-528C-4066-916D-7D34FD68BC74}.Debug|Any CPU.ActiveCfg = Debug|Any CPU
		{FAC1D870-528C-4066-916D-7D34FD68BC74}.Debug|Any CPU.Build.0 = Debug|Any CPU
		{FAC1D870-528C-4066-916D-7D34FD68BC74}.Release|Any CPU.ActiveCfg = Release|Any CPU
		{FAC1D870-528C-4066-916D-7D34FD68BC74}.Release|Any CPU.Build.0 = Release|Any CPU
		{E3559CA0-345D-44A9-8F0E-974EF2AB496A}.Debug|Any CPU.ActiveCfg = Debug|Any CPU
		{E3559CA0-345D-44A9-8F0E-974EF2AB496A}.Debug|Any CPU.Build.0 = Debug|Any CPU
		{E3559CA0-345D-44A9-8F0E-974EF2AB496A}.Release|Any CPU.ActiveCfg = Release|Any CPU
		{E3559CA0-345D-44A9-8F0E-974EF2AB496A}.Release|Any CPU.Build.0 = Release|Any CPU
		{A5BFD3CD-857F-4FEB-B143-AC312AC5A6F7}.Debug|Any CPU.ActiveCfg = Debug|Any CPU
		{A5BFD3CD-857F-4FEB-B143-AC312AC5A6F7}.Debug|Any CPU.Build.0 = Debug|Any CPU
		{A5BFD3CD-857F-4FEB-B143-AC312AC5A6F7}.Release|Any CPU.ActiveCfg = Release|Any CPU
		{A5BFD3CD-857F-4FEB-B143-AC312AC5A6F7}.Release|Any CPU.Build.0 = Release|Any CPU
		{2090625A-6072-46A2-9283-27B456EFCF6C}.Debug|Any CPU.ActiveCfg = Debug|Any CPU
		{2090625A-6072-46A2-9283-27B456EFCF6C}.Debug|Any CPU.Build.0 = Debug|Any CPU
		{2090625A-6072-46A2-9283-27B456EFCF6C}.Release|Any CPU.ActiveCfg = Release|Any CPU
		{2090625A-6072-46A2-9283-27B456EFCF6C}.Release|Any CPU.Build.0 = Release|Any CPU
		{7BDF6C6B-DADF-4409-A325-887B3A001367}.Debug|Any CPU.ActiveCfg = Debug|Any CPU
		{7BDF6C6B-DADF-4409-A325-887B3A001367}.Debug|Any CPU.Build.0 = Debug|Any CPU
		{7BDF6C6B-DADF-4409-A325-887B3A001367}.Release|Any CPU.ActiveCfg = Release|Any CPU
		{7BDF6C6B-DADF-4409-A325-887B3A001367}.Release|Any CPU.Build.0 = Release|Any CPU
	EndGlobalSection
	GlobalSection(SolutionProperties) = preSolution
		HideSolutionNode = FALSE
	EndGlobalSection
	GlobalSection(ExtensibilityGlobals) = postSolution
		SolutionGuid = {BB7368E0-53AE-49A0-A01F-4CDF2C5667A6}
	EndGlobalSection
EndGlobal
